<?xml version="1.0" encoding="utf-8"?>
<Project ToolsVersion="4.0" xmlns="http://schemas.microsoft.com/developer/msbuild/2003">
  <ItemGroup>
    <Filter Include="Engine">
      <UniqueIdentifier>{841b5df8-a9cb-4021-9c5c-9fa8bb17e6d8}</UniqueIdentifier>
    </Filter>
    <Filter Include="Engine\Core">
      <UniqueIdentifier>{a44607c2-8940-4375-8308-605ff11ce32c}</UniqueIdentifier>
    </Filter>
    <Filter Include="Engine\Header Files">
      <UniqueIdentifier>{93995380-89BD-4b04-88EB-625FBE52EBFB}</UniqueIdentifier>
      <Extensions>h;hh;hpp;hxx;h++;hm;inl;inc;ipp;xsd</Extensions>
    </Filter>
    <Filter Include="Engine\imgui">
      <UniqueIdentifier>{0dc31de6-0b35-47e3-a784-b29e9a1b3bff}</UniqueIdentifier>
    </Filter>
    <Filter Include="Engine\imgui_sdl">
      <UniqueIdentifier>{619b789e-6c20-42b3-a8c0-b344d5cedca2}</UniqueIdentifier>
    </Filter>
    <Filter Include="Engine\shaders">
      <UniqueIdentifier>{9746b586-fabf-4266-aaaa-61bd93b582aa}</UniqueIdentifier>
    </Filter>
    <Filter Include="Engine\Source Files">
      <UniqueIdentifier>{4FC737F1-C7A5-4376-A066-2A32D752A2FF}</UniqueIdentifier>
      <Extensions>cpp;c;cc;cxx;c++;cppm;ixx;def;odl;idl;hpj;bat;asm;asmx</Extensions>
    </Filter>
    <Filter Include="Engine\Resource Files">
      <UniqueIdentifier>{67DA6AB6-F800-4c08-8B7A-83BB121AAD01}</UniqueIdentifier>
      <Extensions>rc;ico;cur;bmp;dlg;rc2;rct;bin;rgs;gif;jpg;jpeg;jpe;resx;tiff;tif;png;wav;mfcribbon-ms</Extensions>
    </Filter>
    <Filter Include="Game">
      <UniqueIdentifier>{a2ec0e11-92d9-433b-8c12-cd412a6c30bc}</UniqueIdentifier>
    </Filter>
    <Filter Include="Game\States">
      <UniqueIdentifier>{cd3443a8-30e3-418d-80da-d5f0b5191a88}</UniqueIdentifier>
    </Filter>
    <Filter Include="Engine\Systems">
      <UniqueIdentifier>{4eedfbdc-a418-490a-a6d3-d99a244a1ba5}</UniqueIdentifier>
    </Filter>
    <Filter Include="Engine\Components">
      <UniqueIdentifier>{92267671-4ddd-4f95-b43c-dff7f701d1f9}</UniqueIdentifier>
    </Filter>
    <Filter Include="Engine\ECS">
      <UniqueIdentifier>{8868320f-1e38-4c81-8071-2fd428f06e61}</UniqueIdentifier>
    </Filter>
    <Filter Include="Game\Prefabs">
      <UniqueIdentifier>{badcbe44-6352-4f58-9801-b75de7ad0583}</UniqueIdentifier>
    </Filter>
    <Filter Include="Game\Prefabs\Tiles">
      <UniqueIdentifier>{d7821e53-b556-4fd1-a885-d608084cf1db}</UniqueIdentifier>
    </Filter>
  </ItemGroup>
  <ItemGroup>
    <ClInclude Include="..\include\imgui-1.78\imconfig.h">
      <Filter>Engine\imgui</Filter>
    </ClInclude>
    <ClInclude Include="..\include\imgui-1.78\imgui.h">
      <Filter>Engine\imgui</Filter>
    </ClInclude>
    <ClInclude Include="..\include\imgui-1.78\imgui_internal.h">
      <Filter>Engine\imgui</Filter>
    </ClInclude>
    <ClInclude Include="..\include\imgui-1.78\imstb_rectpack.h">
      <Filter>Engine\imgui</Filter>
    </ClInclude>
    <ClInclude Include="..\include\imgui-1.78\imstb_textedit.h">
      <Filter>Engine\imgui</Filter>
    </ClInclude>
    <ClInclude Include="..\include\imgui-1.78\imstb_truetype.h">
      <Filter>Engine\imgui</Filter>
    </ClInclude>
    <ClInclude Include="..\include\imgui-1.78\imgui_impl_opengl3.h">
      <Filter>Engine\imgui</Filter>
    </ClInclude>
    <ClInclude Include="..\include\imgui-1.78\imgui_impl_sdl.h">
      <Filter>Engine\imgui</Filter>
    </ClInclude>
    <ClInclude Include="..\include\imgui_sdl\imgui_sdl.h">
      <Filter>Engine\imgui_sdl</Filter>
    </ClInclude>
    <ClInclude Include="FSM.h">
      <Filter>Engine\Header Files</Filter>
    </ClInclude>
    <ClInclude Include="ShaderUtil.h">
      <Filter>Engine\Header Files</Filter>
    </ClInclude>
    <ClInclude Include="SuTexture2D.h">
      <Filter>Engine\Header Files</Filter>
    </ClInclude>
    <ClInclude Include="TestState.h">
      <Filter>Game\States</Filter>
    </ClInclude>
    <ClInclude Include="ResourceManager.h">
      <Filter>Engine\Header Files</Filter>
    </ClInclude>
    <ClInclude Include="AudioManager.h">
      <Filter>Engine\Header Files</Filter>
    </ClInclude>
    <ClInclude Include="MainMenu.h">
      <Filter>Game\States</Filter>
    </ClInclude>
    <ClInclude Include="GameInstance.h">
      <Filter>Engine\Core</Filter>
    </ClInclude>
    <ClInclude Include="Core.h">
      <Filter>Engine\Core</Filter>
    </ClInclude>
    <ClInclude Include="SuFont.h">
      <Filter>Engine\Header Files</Filter>
    </ClInclude>
    <ClInclude Include="Level.h">
      <Filter>Engine\Header Files</Filter>
    </ClInclude>
    <ClInclude Include="MovementSystem.h">
      <Filter>Engine\Systems</Filter>
    </ClInclude>
    <ClInclude Include="RenderSystem.h">
      <Filter>Engine\Systems</Filter>
    </ClInclude>
    <ClInclude Include="ECSEntityManager.h">
      <Filter>Engine\ECS</Filter>
    </ClInclude>
    <ClInclude Include="Types.h">
      <Filter>Engine\ECS</Filter>
    </ClInclude>
    <ClInclude Include="ECSComponentArray.h">
      <Filter>Engine\ECS</Filter>
    </ClInclude>
    <ClInclude Include="ECSComponentManager.h">
      <Filter>Engine\ECS</Filter>
    </ClInclude>
    <ClInclude Include="ECSSystem.h">
      <Filter>Engine\ECS</Filter>
    </ClInclude>
    <ClInclude Include="ECSSystemManager.h">
      <Filter>Engine\ECS</Filter>
    </ClInclude>
    <ClInclude Include="ECSHandler.h">
      <Filter>Engine\ECS</Filter>
    </ClInclude>
    <ClInclude Include="TextSystem.h">
      <Filter>Engine\Systems</Filter>
    </ClInclude>
    <ClInclude Include="EntityData.h">
      <Filter>Engine\Components</Filter>
    </ClInclude>
    <ClInclude Include="CollisionSystem.h">
      <Filter>Engine\Systems</Filter>
    </ClInclude>
    <ClInclude Include="MappingState.h">
      <Filter>Game\States</Filter>
    </ClInclude>
    <ClInclude Include="Transform.h">
      <Filter>Engine\Components</Filter>
    </ClInclude>
    <ClInclude Include="Text.h">
      <Filter>Engine\Components</Filter>
    </ClInclude>
    <ClInclude Include="Movement.h">
      <Filter>Engine\Components</Filter>
    </ClInclude>
    <ClInclude Include="Collider.h">
      <Filter>Engine\Components</Filter>
    </ClInclude>
    <ClInclude Include="Rendering.h">
      <Filter>Engine\Components</Filter>
    </ClInclude>
    <ClInclude Include="EnemySystem.h">
      <Filter>Engine\Systems</Filter>
    </ClInclude>
    <ClInclude Include="Bullet.h">
      <Filter>Game\Prefabs</Filter>
    </ClInclude>
    <ClInclude Include="PlayerCharacter.h">
      <Filter>Game\Prefabs</Filter>
    </ClInclude>
    <ClInclude Include="BehaviourScript.h">
      <Filter>Engine\Header Files</Filter>
    </ClInclude>
    <ClInclude Include="EnemyCharacter.h">
      <Filter>Game\Prefabs</Filter>
    </ClInclude>
    <ClInclude Include="Follow.h">
      <Filter>Engine\Components</Filter>
    </ClInclude>
    <ClInclude Include="FollowSystem.h">
      <Filter>Engine\Systems</Filter>
    </ClInclude>
    <ClInclude Include="Character.h">
      <Filter>Engine\Components</Filter>
    </ClInclude>
    <ClInclude Include="Tile.h">
      <Filter>Game\Prefabs\Tiles</Filter>
    </ClInclude>
    <ClInclude Include="Particle.h">
      <Filter>Engine\Components</Filter>
    </ClInclude>
    <ClInclude Include="ParticleRenderSystem.h">
      <Filter>Engine\Systems</Filter>
    </ClInclude>
    <ClInclude Include="ParticleGenerator.h">
      <Filter>Game\Prefabs</Filter>
    </ClInclude>
    <ClInclude Include="BreakableWall.h">
      <Filter>Game\Prefabs</Filter>
    </ClInclude>
    <ClInclude Include="PauseState.h">
      <Filter>Game\States</Filter>
    </ClInclude>
    <ClInclude Include="TwoPlayerMode.h">
      <Filter>Game\States</Filter>
    </ClInclude>
    <ClInclude Include="SecondPlayerCharacter.h">
      <Filter>Game\Prefabs</Filter>
    </ClInclude>
  </ItemGroup>
  <ItemGroup>
    <ClCompile Include="..\include\imgui-1.78\imgui.cpp">
      <Filter>Engine\imgui</Filter>
    </ClCompile>
    <ClCompile Include="..\include\imgui-1.78\imgui_demo.cpp">
      <Filter>Engine\imgui</Filter>
    </ClCompile>
    <ClCompile Include="..\include\imgui-1.78\imgui_draw.cpp">
      <Filter>Engine\imgui</Filter>
    </ClCompile>
    <ClCompile Include="..\include\imgui-1.78\imgui_widgets.cpp">
      <Filter>Engine\imgui</Filter>
    </ClCompile>
    <ClCompile Include="..\include\imgui-1.78\imgui_impl_opengl3.cpp">
      <Filter>Engine\imgui</Filter>
    </ClCompile>
    <ClCompile Include="..\include\imgui-1.78\imgui_impl_sdl.cpp">
      <Filter>Engine\imgui</Filter>
    </ClCompile>
    <ClCompile Include="..\include\imgui_sdl\imgui_sdl.cpp">
      <Filter>Engine\imgui_sdl</Filter>
    </ClCompile>
    <ClCompile Include="FSM.cpp">
      <Filter>Engine\Source Files</Filter>
    </ClCompile>
    <ClCompile Include="ShaderUtil.cpp">
      <Filter>Engine\Source Files</Filter>
    </ClCompile>
    <ClCompile Include="SuTexture2D.cpp">
      <Filter>Engine\Source Files</Filter>
    </ClCompile>
    <ClCompile Include="TestState.cpp">
      <Filter>Game\States</Filter>
    </ClCompile>
    <ClCompile Include="ResourceManager.cpp">
      <Filter>Engine\Source Files</Filter>
    </ClCompile>
    <ClCompile Include="AudioManager.cpp">
      <Filter>Engine\Source Files</Filter>
    </ClCompile>
    <ClCompile Include="MainMenu.cpp">
      <Filter>Game\States</Filter>
    </ClCompile>
    <ClCompile Include="Main.cpp">
      <Filter>Engine\Core</Filter>
    </ClCompile>
    <ClCompile Include="GameInstance.cpp">
      <Filter>Engine\Core</Filter>
    </ClCompile>
    <ClCompile Include="Core.cpp">
      <Filter>Engine\Core</Filter>
    </ClCompile>
    <ClCompile Include="Level.cpp">
      <Filter>Engine\Source Files</Filter>
    </ClCompile>
    <ClCompile Include="MovementSystem.cpp">
      <Filter>Engine\Systems</Filter>
    </ClCompile>
    <ClCompile Include="RenderSystem.cpp">
      <Filter>Engine\Systems</Filter>
    </ClCompile>
    <ClCompile Include="TextSystem.cpp">
      <Filter>Engine\Systems</Filter>
    </ClCompile>
    <ClCompile Include="ECSEntityManager.cpp">
      <Filter>Engine\ECS</Filter>
    </ClCompile>
    <ClCompile Include="ECSHandler.cpp">
      <Filter>Engine\ECS</Filter>
    </ClCompile>
    <ClCompile Include="CollisionSystem.cpp">
      <Filter>Engine\Systems</Filter>
    </ClCompile>
    <ClCompile Include="MappingState.cpp">
      <Filter>Game\States</Filter>
    </ClCompile>
    <ClCompile Include="EnemySystem.cpp">
      <Filter>Engine\Systems</Filter>
    </ClCompile>
    <ClCompile Include="Bullet.cpp">
      <Filter>Game\Prefabs</Filter>
    </ClCompile>
    <ClCompile Include="PlayerCharacter.cpp">
      <Filter>Game\Prefabs</Filter>
    </ClCompile>
    <ClCompile Include="BehaviourScript.cpp">
      <Filter>Engine\Source Files</Filter>
    </ClCompile>
    <ClCompile Include="EnemyCharacter.cpp">
      <Filter>Game\Prefabs</Filter>
    </ClCompile>
    <ClCompile Include="FollowSystem.cpp">
      <Filter>Engine\Systems</Filter>
    </ClCompile>
    <ClCompile Include="Tile.cpp">
      <Filter>Game\Prefabs\Tiles</Filter>
    </ClCompile>
    <ClCompile Include="ParticleRenderSystem.cpp">
      <Filter>Engine\Systems</Filter>
    </ClCompile>
    <ClCompile Include="ParticleGenerator.cpp">
      <Filter>Game\Prefabs</Filter>
    </ClCompile>
    <ClCompile Include="BreakableWall.cpp">
      <Filter>Game\Prefabs</Filter>
    </ClCompile>
    <ClCompile Include="PauseState.cpp">
      <Filter>Game\States</Filter>
    </ClCompile>
    <ClCompile Include="TwoPlayerMode.cpp">
      <Filter>Game\States</Filter>
    </ClCompile>
    <ClCompile Include="SecondPlayerCharacter.cpp">
      <Filter>Game\Prefabs</Filter>
    </ClCompile>
  </ItemGroup>
  <ItemGroup>
    <None Include="shaders\sprite.frag">
      <Filter>Engine\shaders</Filter>
    </None>
    <None Include="shaders\sprite.vert">
      <Filter>Engine\shaders</Filter>
    </None>
    <None Include="shaders\followParticle.frag">
      <Filter>Engine\shaders</Filter>
    </None>
    <None Include="shaders\followParticle.vert">
      <Filter>Engine\shaders</Filter>
    </None>
  </ItemGroup>
</Project>